{
  "version": "5",
  "specifiers": {
    "npm:@supabase/supabase-js@2.104.1": "2.104.1"
  },
  "npm": {
    "@supabase/auth-js@2.104.1": {
      "integrity": "sha512-pqFnDKekq1isqlqnzqzyJ3mzmho+o+FjfVTqhKY3PFlwj2anx3OPznO1kbo1ZEwD8zg1r4EAFf/7pplLyX0ocQ==",
      "dependencies": [
        "tslib"
      ]
    },
    "@supabase/functions-js@2.104.1": {
      "integrity": "sha512-JjAH4JN9rZzxh4plQnILPrQZXAG6ccoRS6z9hQAGmXpRSwJA+7CWbsDV2R82I8MROlGDsjqj1Ot/cWpTfdf6xg==",
      "dependencies": [
        "tslib"
      ]
    },
    "@supabase/phoenix@0.4.5": {
      "integrity": "sha512-aAn9H9ovVyeApKy11OWOrrOGq8DV68yWeH4ud2lN9fzn4aO8Zb5GLL9m1pUg9nLqIcT+ZDfAcsZe0E/nqdv2lw=="
    },
    "@supabase/postgrest-js@2.104.1": {
      "integrity": "sha512-RqlLpvgXsjcc27fLyHNGm3zN0KDWXbkdTdaFtaEdX83RsTEqH7BAmshH7zoUMml5lL04naUeRjS3B81O6jZcJw==",
      "dependencies": [
        "tslib"
      ]
    },
    "@supabase/realtime-js@2.104.1": {
      "integrity": "sha512-dVJHhFB2ErBd0/2qE9G8CedCrGoAtBfL9Q4zbSMXO7b1Cpld916ljSiX21mURUqijPf1WoPQG4Bp/averUzk/g==",
      "dependencies": [
        "@supabase/phoenix",
        "@types/ws",
        "tslib",
        "ws"
      ]
    },
    "@supabase/storage-js@2.104.1": {
      "integrity": "sha512-2bQaLbkRshctkUVuqamwYZDEd+0cGSc9DY9sjh92DcA5hu1F/1AP8p6gxGr76sgdK9Ngi0rh+2Kdh+uC4hcnGA==",
      "dependencies": [
        "iceberg-js",
        "tslib"
      ]
    },
    "@supabase/supabase-js@2.104.1": {
      "integrity": "sha512-E0H/CtVmaGjiAy+ieZ5ZB/1EqxXcGdaFaAc23AE5zaYfz6NtCNDcmaEdoGPYMPFH5pE6drGG6e3ljPmkFoGVxQ==",
      "dependencies": [
        "@supabase/auth-js",
        "@supabase/functions-js",
        "@supabase/postgrest-js",
        "@supabase/realtime-js",
        "@supabase/storage-js"
      ]
    },
    "@types/node@26.6.4": {
      "integrity": "sha512-ldVPDCzj7fsaGZrLB0NuHuTvJcsNasysBAqMolr/cgxrLd1xbqxIr3XJiPnHHJUCxj5sNF1vnRj9aWnrVh5Jcg==",
      "dependencies": [
        "undici-types"
      ]
    },
    "@types/ws@8.18.2": {
      "integrity": "sha512-67MQl+fpWKVTT1NYdnmo3U4sc/xPo/zQBncVnI74qmQa0z/b+1g6iYqNmGCPbxO+zz2aklb08a0oHfegiVd0/w==",
      "dependencies": [
        "@types/node"
      ]
    },
    "iceberg-js@0.8.1": {
      "integrity": "sha512-1dhVQZXhcHje7798IVM+xoo/1ZdVfzOMIc8/rgVSijRK38EDqOJoGula9N/8ZI5RD8QTxNQtK/Gozpr+qUqRRA=="
    },
    "tslib@2.8.1": {
      "integrity": "sha512-oJFu94HQb+KVduSUQL7wnpmqnfmLsOA/nAh6b6EH0wCEoK0/mPeXU6c3wKDV83MkOuHPRHtSXKKU99IBazS/2w=="
    },
    "undici-types@8.9.0": {
      "integrity": "sha512-KTDyRTYX8sWmKXAikPHHSyc63CRPETMctyjKFupcC6OBLXT3xsN0e9aF7m+mIXutFWpUXuedtowG7iLOzp0kQg=="
    },
    "ws@8.22.0": {
      "integrity": "sha512-Ydggc987+RO0AnWtZ/7Wq9FtNvcrL1b/RO0ud9mWjUPgDrsAAwQSF51sm2hm1XofbU/4jkpGEsLFsZZxU+1DOg=="
    }
  },
  "workspace": {
    "dependencies": [
      "npm:@supabase/supabase-js@2.104.1"
    ]
  }
}
